
Microsoft Visual Studio Solution File, Format Version 12.00
# Visual Studio 15
VisualStudioVersion = 15.0.28010.2041
MinimumVisualStudioVersion = 10.0.40219.1
Project("{FAE04EC0-301F-11D3-BF4B-00C04F79EFBC}") = "MapEditor", "MapEditor\MapEditor.csproj", "{5F8A2BFA-E7A6-4059-896F-5C84083CFF7D}"
EndProject
Global
	GlobalSection(SolutionConfigurationPlatforms) = preSolution
		Debug|Any CPU = Debug|Any CPU
		Release|Any CPU = Release|Any CPU
	EndGlobalSection
	GlobalSection(ProjectConfigurationPlatforms) = postSolution
		{5F8A2BFA-E7A6-4059-896F-5C84083CFF7D}.Debug|Any CPU.ActiveCfg = Debug|Any CPU
		{5F8A2BFA-E7A6-4059-896F-5C84083CFF7D}.Debug|Any CPU.Build.0 = Debug|Any CPU
		{5F8A2BFA-E7A6-4059-896F-5C84083CFF7D}.Release|Any CPU.ActiveCfg = Release|Any CPU
		{5F8A2BFA-E7A6-4059-896F-5C84083CFF7D}.Release|Any CPU.Build.0 = Release|Any CPU
	EndGlobalSection
	GlobalSection(SolutionProperties) = preSolution
		HideSolutionNode = FALSE
	EndGlobalSection
	GlobalSection(ExtensibilityGlobals) = postSolution
		SolutionGuid = {54864789-0CC4-4EA8-AA69-AB77F4DA1F06}
	EndGlobalSection
EndGlobal
